
Microsoft Visual Studio Solution File, Format Version 11.00
# Visual Studio 2010
Project("{FAE04EC0-301F-11D3-BF4B-00C04F79EFBC}") = "Tss.ConsoleApp", "Tss.ConsoleApp\Tss.ConsoleApp.csproj", "{3E4A073B-36F2-4C32-ABF1-FEA417F0DC86}"
EndProject
Project("{FAE04EC0-301F-11D3-BF4B-00C04F79EFBC}") = "Tss.HexagonMapping", "Tss.HexagonMapping\Tss.HexagonMapping.csproj", "{5B93818F-D701-48F3-99FC-5340A5EFDCDC}"
EndProject
Project("{FAE04EC0-301F-11D3-BF4B-00C04F79EFBC}") = "Tss.GameComponents", "Tss.GameComponents\Tss.GameComponents.csproj", "{A9544783-0F7F-4055-BBE8-AAB19BEA221E}"
EndProject
Project("{FAE04EC0-301F-11D3-BF4B-00C04F79EFBC}") = "Tss.WindowsGame1", "Tss.WindowsGame1\Tss.WindowsGame1\Tss.WindowsGame1.csproj", "{64F957D1-73E2-4178-A398-2494307D81B3}"
EndProject
Project("{96E2B04D-8817-42C6-938A-82C39BA4D311}") = "Tss.WindowsGame1Content", "Tss.WindowsGame1\Tss.WindowsGame1Content\Tss.WindowsGame1Content.contentproj", "{8134C331-3A50-4688-87A2-8B178DD1E287}"
EndProject
Global
	GlobalSection(SolutionConfigurationPlatforms) = preSolution
		Debug|Any CPU = Debug|Any CPU
		Debug|Mixed Platforms = Debug|Mixed Platforms
		Debug|x86 = Debug|x86
		Release|Any CPU = Release|Any CPU
		Release|Mixed Platforms = Release|Mixed Platforms
		Release|x86 = Release|x86
	EndGlobalSection
	GlobalSection(ProjectConfigurationPlatforms) = postSolution
		{3E4A073B-36F2-4C32-ABF1-FEA417F0DC86}.Debug|Any CPU.ActiveCfg = Debug|x86
		{3E4A073B-36F2-4C32-ABF1-FEA417F0DC86}.Debug|Mixed Platforms.ActiveCfg = Debug|x86
		{3E4A073B-36F2-4C32-ABF1-FEA417F0DC86}.Debug|Mixed Platforms.Build.0 = Debug|x86
		{3E4A073B-36F2-4C32-ABF1-FEA417F0DC86}.Debug|x86.ActiveCfg = Debug|x86
		{3E4A073B-36F2-4C32-ABF1-FEA417F0DC86}.Debug|x86.Build.0 = Debug|x86
		{3E4A073B-36F2-4C32-ABF1-FEA417F0DC86}.Release|Any CPU.ActiveCfg = Release|x86
		{3E4A073B-36F2-4C32-ABF1-FEA417F0DC86}.Release|Mixed Platforms.ActiveCfg = Release|x86
		{3E4A073B-36F2-4C32-ABF1-FEA417F0DC86}.Release|Mixed Platforms.Build.0 = Release|x86
		{3E4A073B-36F2-4C32-ABF1-FEA417F0DC86}.Release|x86.ActiveCfg = Release|x86
		{3E4A073B-36F2-4C32-ABF1-FEA417F0DC86}.Release|x86.Build.0 = Release|x86
		{5B93818F-D701-48F3-99FC-5340A5EFDCDC}.Debug|Any CPU.ActiveCfg = Debug|Any CPU
		{5B93818F-D701-48F3-99FC-5340A5EFDCDC}.Debug|Any CPU.Build.0 = Debug|Any CPU
		{5B93818F-D701-48F3-99FC-5340A5EFDCDC}.Debug|Mixed Platforms.ActiveCfg = Debug|Any CPU
		{5B93818F-D701-48F3-99FC-5340A5EFDCDC}.Debug|Mixed Platforms.Build.0 = Debug|Any CPU
		{5B93818F-D701-48F3-99FC-5340A5EFDCDC}.Debug|x86.ActiveCfg = Debug|Any CPU
		{5B93818F-D701-48F3-99FC-5340A5EFDCDC}.Release|Any CPU.ActiveCfg = Release|Any CPU
		{5B93818F-D701-48F3-99FC-5340A5EFDCDC}.Release|Any CPU.Build.0 = Release|Any CPU
		{5B93818F-D701-48F3-99FC-5340A5EFDCDC}.Release|Mixed Platforms.ActiveCfg = Release|Any CPU
		{5B93818F-D701-48F3-99FC-5340A5EFDCDC}.Release|Mixed Platforms.Build.0 = Release|Any CPU
		{5B93818F-D701-48F3-99FC-5340A5EFDCDC}.Release|x86.ActiveCfg = Release|Any CPU
		{A9544783-0F7F-4055-BBE8-AAB19BEA221E}.Debug|Any CPU.ActiveCfg = Debug|Any CPU
		{A9544783-0F7F-4055-BBE8-AAB19BEA221E}.Debug|Any CPU.Build.0 = Debug|Any CPU
		{A9544783-0F7F-4055-BBE8-AAB19BEA221E}.Debug|Mixed Platforms.ActiveCfg = Debug|Any CPU
		{A9544783-0F7F-4055-BBE8-AAB19BEA221E}.Debug|Mixed Platforms.Build.0 = Debug|Any CPU
		{A9544783-0F7F-4055-BBE8-AAB19BEA221E}.Debug|x86.ActiveCfg = Debug|Any CPU
		{A9544783-0F7F-4055-BBE8-AAB19BEA221E}.Release|Any CPU.ActiveCfg = Release|Any CPU
		{A9544783-0F7F-4055-BBE8-AAB19BEA221E}.Release|Any CPU.Build.0 = Release|Any CPU
		{A9544783-0F7F-4055-BBE8-AAB19BEA221E}.Release|Mixed Platforms.ActiveCfg = Release|Any CPU
		{A9544783-0F7F-4055-BBE8-AAB19BEA221E}.Release|Mixed Platforms.Build.0 = Release|Any CPU
		{A9544783-0F7F-4055-BBE8-AAB19BEA221E}.Release|x86.ActiveCfg = Release|Any CPU
		{64F957D1-73E2-4178-A398-2494307D81B3}.Debug|Any CPU.ActiveCfg = Debug|x86
		{64F957D1-73E2-4178-A398-2494307D81B3}.Debug|Mixed Platforms.ActiveCfg = Debug|x86
		{64F957D1-73E2-4178-A398-2494307D81B3}.Debug|Mixed Platforms.Build.0 = Debug|x86
		{64F957D1-73E2-4178-A398-2494307D81B3}.Debug|x86.ActiveCfg = Debug|x86
		{64F957D1-73E2-4178-A398-2494307D81B3}.Debug|x86.Build.0 = Debug|x86
		{64F957D1-73E2-4178-A398-2494307D81B3}.Release|Any CPU.ActiveCfg = Release|x86
		{64F957D1-73E2-4178-A398-2494307D81B3}.Release|Mixed Platforms.ActiveCfg = Release|x86
		{64F957D1-73E2-4178-A398-2494307D81B3}.Release|Mixed Platforms.Build.0 = Release|x86
		{64F957D1-73E2-4178-A398-2494307D81B3}.Release|x86.ActiveCfg = Release|x86
		{64F957D1-73E2-4178-A398-2494307D81B3}.Release|x86.Build.0 = Release|x86
		{8134C331-3A50-4688-87A2-8B178DD1E287}.Debug|Any CPU.ActiveCfg = Debug|x86
		{8134C331-3A50-4688-87A2-8B178DD1E287}.Debug|Mixed Platforms.ActiveCfg = Debug|x86
		{8134C331-3A50-4688-87A2-8B178DD1E287}.Debug|x86.ActiveCfg = Debug|x86
		{8134C331-3A50-4688-87A2-8B178DD1E287}.Release|Any CPU.ActiveCfg = Release|x86
		{8134C331-3A50-4688-87A2-8B178DD1E287}.Release|Mixed Platforms.ActiveCfg = Release|x86
		{8134C331-3A50-4688-87A2-8B178DD1E287}.Release|x86.ActiveCfg = Release|x86
	EndGlobalSection
	GlobalSection(SolutionProperties) = preSolution
		HideSolutionNode = FALSE
	EndGlobalSection
EndGlobal
